// !$*UTF8*$!
{
	archiveVersion = 1;
	classes = {
	};
	objectVersion = 50;
	objects = {

/* Begin PBXBuildFile section */
		279C446A2413964E00D226D7 /* AppDelegate.m in Sources */ = {isa = PBXBuildFile; fileRef = 279C44692413964E00D226D7 /* AppDelegate.m */; };
		279C446D2413964E00D226D7 /* SceneDelegate.m in Sources */ = {isa = PBXBuildFile; fileRef = 279C446C2413964E00D226D7 /* SceneDelegate.m */; };
		279C44702413964E00D226D7 /* ViewController.m in Sources */ = {isa = PBXBuildFile; fileRef = 279C446F2413964E00D226D7 /* ViewController.m */; };
		279C44732413964E00D226D7 /* Main.storyboard in Resources */ = {isa = PBXBuildFile; fileRef = 279C44712413964E00D226D7 /* Main.storyboard */; };
		279C44752413965100D226D7 /* Assets.xcassets in Resources */ = {isa = PBXBuildFile; fileRef = 279C44742413965100D226D7 /* Assets.xcassets */; };
		279C44782413965100D226D7 /* LaunchScreen.storyboard in Resources */ = {isa = PBXBuildFile; fileRef = 279C44762413965100D226D7 /* LaunchScreen.storyboard */; };
		279C447B2413965100D226D7 /* main.m in Sources */ = {isa = PBXBuildFile; fileRef = 279C447A2413965100D226D7 /* main.m */; };
		279C44A02413995100D226D7 /* JFRWebSocket.m in Sources */ = {isa = PBXBuildFile; fileRef = 279C449D2413995100D226D7 /* JFRWebSocket.m */; };
		279C44A12413995100D226D7 /* JFRSecurity.m in Sources */ = {isa = PBXBuildFile; fileRef = 279C449E2413995100D226D7 /* JFRSecurity.m */; };
		279C44A42413BCA100D226D7 /* Message.m in Sources */ = {isa = PBXBuildFile; fileRef = 279C44A32413BCA100D226D7 /* Message.m */; };
/* End PBXBuildFile section */

/* Begin PBXContainerItemProxy section */
		279C4489241396CB00D226D7 /* PBXContainerItemProxy */ = {
			isa = PBXContainerItemProxy;
			containerPortal = 279C4484241396CB00D226D7 /* Jetfire.xcodeproj */;
			proxyType = 2;
			remoteGlobalIDString = 210EA8091D99642A00A323C8;
			remoteInfo = "Jetfire-iOS";
		};
		279C448B241396CB00D226D7 /* PBXContainerItemProxy */ = {
			isa = PBXContainerItemProxy;
			containerPortal = 279C4484241396CB00D226D7 /* Jetfire.xcodeproj */;
			proxyType = 2;
			remoteGlobalIDString = F500263D1DCCB5C200FE4410;
			remoteInfo = "Jetfire-Mac";
		};
		279C4492241396D500D226D7 /* PBXContainerItemProxy */ = {
			isa = PBXContainerItemProxy;
			containerPortal = 279C448D241396D500D226D7 /* Jetfire.xcodeproj */;
			proxyType = 2;
			remoteGlobalIDString = 210EA8091D99642A00A323C8;
			remoteInfo = "Jetfire-iOS";
		};
		279C4494241396D500D226D7 /* PBXContainerItemProxy */ = {
			isa = PBXContainerItemProxy;
			containerPortal = 279C448D241396D500D226D7 /* Jetfire.xcodeproj */;
			proxyType = 2;
			remoteGlobalIDString = F500263D1DCCB5C200FE4410;
			remoteInfo = "Jetfire-Mac";
		};
/* End PBXContainerItemProxy section */

/* Begin PBXFileReference section */
		279C44652413964E00D226D7 /* WebSocket测试.app */ = {isa = PBXFileReference; explicitFileType = wrapper.application; includeInIndex = 0; path = "WebSocket测试.app"; sourceTree = BUILT_PRODUCTS_DIR; };
		279C44682413964E00D226D7 /* AppDelegate.h */ = {isa = PBXFileReference; lastKnownFileType = sourcecode.c.h; path = AppDelegate.h; sourceTree = "<group>"; };
		279C44692413964E00D226D7 /* AppDelegate.m */ = {isa = PBXFileReference; lastKnownFileType = sourcecode.c.objc; path = AppDelegate.m; sourceTree = "<group>"; };
		279C446B2413964E00D226D7 /* SceneDelegate.h */ = {isa = PBXFileReference; lastKnownFileType = sourcecode.c.h; path = SceneDelegate.h; sourceTree = "<group>"; };
		279C446C2413964E00D226D7 /* SceneDelegate.m */ = {isa = PBXFileReference; lastKnownFileType = sourcecode.c.objc; path = SceneDelegate.m; sourceTree = "<group>"; };
		279C446E2413964E00D226D7 /* ViewController.h */ = {isa = PBXFileReference; lastKnownFileType = sourcecode.c.h; path = ViewController.h; sourceTree = "<group>"; };
		279C446F2413964E00D226D7 /* ViewController.m */ = {isa = PBXFileReference; lastKnownFileType = sourcecode.c.objc; path = ViewController.m; sourceTree = "<group>"; };
		279C44722413964E00D226D7 /* Base */ = {isa = PBXFileReference; lastKnownFileType = file.storyboard; name = Base; path = Base.lproj/Main.storyboard; sourceTree = "<group>"; };
		279C44742413965100D226D7 /* Assets.xcassets */ = {isa = PBXFileReference; lastKnownFileType = folder.assetcatalog; path = Assets.xcassets; sourceTree = "<group>"; };
		279C44772413965100D226D7 /* Base */ = {isa = PBXFileReference; lastKnownFileType = file.storyboard; name = Base; path = Base.lproj/LaunchScreen.storyboard; sourceTree = "<group>"; };
		279C44792413965100D226D7 /* Info.plist */ = {isa = PBXFileReference; lastKnownFileType = text.plist.xml; path = Info.plist; sourceTree = "<group>"; };
		279C447A2413965100D226D7 /* main.m */ = {isa = PBXFileReference; lastKnownFileType = sourcecode.c.objc; path = main.m; sourceTree = "<group>"; };
		279C44822413968B00D226D7 /* Jetfire.framework */ = {isa = PBXFileReference; lastKnownFileType = wrapper.framework; name = Jetfire.framework; path = "../../../Library/Developer/Xcode/DerivedData/Jetfire-dysbhmqagdravabbrfzdtkhcgpyg/Build/Products/Debug-iphonesimulator/Jetfire.framework"; sourceTree = "<group>"; };
		279C4484241396CB00D226D7 /* Jetfire.xcodeproj */ = {isa = PBXFileReference; lastKnownFileType = "wrapper.pb-project"; name = Jetfire.xcodeproj; path = "../../../Desktop/jetfire-master/Jetfire.xcodeproj"; sourceTree = "<group>"; };
		279C448D241396D500D226D7 /* Jetfire.xcodeproj */ = {isa = PBXFileReference; lastKnownFileType = "wrapper.pb-project"; name = Jetfire.xcodeproj; path = "../../../Desktop/jetfire-master/Jetfire.xcodeproj"; sourceTree = "<group>"; };
		279C4498241398B100D226D7 /* jetfire-master */ = {isa = PBXFileReference; lastKnownFileType = folder; path = "jetfire-master"; sourceTree = "<group>"; };
		279C449B2413995000D226D7 /* JFRWebSocket.h */ = {isa = PBXFileReference; fileEncoding = 4; lastKnownFileType = sourcecode.c.h; path = JFRWebSocket.h; sourceTree = "<group>"; };
		279C449C2413995100D226D7 /* Jetfire.h */ = {isa = PBXFileReference; fileEncoding = 4; lastKnownFileType = sourcecode.c.h; path = Jetfire.h; sourceTree = "<group>"; };
		279C449D2413995100D226D7 /* JFRWebSocket.m */ = {isa = PBXFileReference; fileEncoding = 4; lastKnownFileType = sourcecode.c.objc; path = JFRWebSocket.m; sourceTree = "<group>"; };
		279C449E2413995100D226D7 /* JFRSecurity.m */ = {isa = PBXFileReference; fileEncoding = 4; lastKnownFileType = sourcecode.c.objc; path = JFRSecurity.m; sourceTree = "<group>"; };
		279C449F2413995100D226D7 /* JFRSecurity.h */ = {isa = PBXFileReference; fileEncoding = 4; lastKnownFileType = sourcecode.c.h; path = JFRSecurity.h; sourceTree = "<group>"; };
		279C44A22413BCA100D226D7 /* Message.h */ = {isa = PBXFileReference; lastKnownFileType = sourcecode.c.h; path = Message.h; sourceTree = "<group>"; };
		279C44A32413BCA100D226D7 /* Message.m */ = {isa = PBXFileReference; lastKnownFileType = sourcecode.c.objc; path = Message.m; sourceTree = "<group>"; };
/* End PBXFileReference section */

/* Begin PBXFrameworksBuildPhase section */
		279C44622413964E00D226D7 /* Frameworks */ = {
			isa = PBXFrameworksBuildPhase;
			buildActionMask = 2147483647;
			files = (
			);
			runOnlyForDeploymentPostprocessing = 0;
		};
/* End PBXFrameworksBuildPhase section */

/* Begin PBXGroup section */
		279C445C2413964E00D226D7 = {
			isa = PBXGroup;
			children = (
				279C44672413964E00D226D7 /* WebSocket测试 */,
				279C44662413964E00D226D7 /* Products */,
				279C44812413968B00D226D7 /* Frameworks */,
			);
			sourceTree = "<group>";
		};
		279C44662413964E00D226D7 /* Products */ = {
			isa = PBXGroup;
			children = (
				279C44652413964E00D226D7 /* WebSocket测试.app */,
			);
			name = Products;
			sourceTree = "<group>";
		};
		279C44672413964E00D226D7 /* WebSocket测试 */ = {
			isa = PBXGroup;
			children = (
				279C449C2413995100D226D7 /* Jetfire.h */,
				279C449F2413995100D226D7 /* JFRSecurity.h */,
				279C449E2413995100D226D7 /* JFRSecurity.m */,
				279C449B2413995000D226D7 /* JFRWebSocket.h */,
				279C449D2413995100D226D7 /* JFRWebSocket.m */,
				279C44682413964E00D226D7 /* AppDelegate.h */,
				279C44692413964E00D226D7 /* AppDelegate.m */,
				279C446B2413964E00D226D7 /* SceneDelegate.h */,
				279C446C2413964E00D226D7 /* SceneDelegate.m */,
				279C446E2413964E00D226D7 /* ViewController.h */,
				279C446F2413964E00D226D7 /* ViewController.m */,
				279C44A22413BCA100D226D7 /* Message.h */,
				279C44A32413BCA100D226D7 /* Message.m */,
				279C44712413964E00D226D7 /* Main.storyboard */,
				279C44742413965100D226D7 /* Assets.xcassets */,
				279C44762413965100D226D7 /* LaunchScreen.storyboard */,
				279C44792413965100D226D7 /* Info.plist */,
				279C447A2413965100D226D7 /* main.m */,
			);
			path = "WebSocket测试";
			sourceTree = "<group>";
		};
		279C44812413968B00D226D7 /* Frameworks */ = {
			isa = PBXGroup;
			children = (
				279C4498241398B100D226D7 /* jetfire-master */,
				279C4484241396CB00D226D7 /* Jetfire.xcodeproj */,
				279C448D241396D500D226D7 /* Jetfire.xcodeproj */,
				279C44822413968B00D226D7 /* Jetfire.framework */,
			);
			name = Frameworks;
			sourceTree = "<group>";
		};
		279C4485241396CB00D226D7 /* Products */ = {
			isa = PBXGroup;
			children = (
				279C448A241396CB00D226D7 /* Jetfire.framework */,
				279C448C241396CB00D226D7 /* Jetfire.framework */,
			);
			name = Products;
			sourceTree = "<group>";
		};
		279C448E241396D500D226D7 /* Products */ = {
			isa = PBXGroup;
			children = (
				279C4493241396D500D226D7 /* Jetfire.framework */,
				279C4495241396D500D226D7 /* Jetfire.framework */,
			);
			name = Products;
			sourceTree = "<group>";
		};
/* End PBXGroup section */

/* Begin PBXNativeTarget section */
		279C44642413964E00D226D7 /* WebSocket测试 */ = {
			isa = PBXNativeTarget;
			buildConfigurationList = 279C447E2413965100D226D7 /* Build configuration list for PBXNativeTarget "WebSocket测试" */;
			buildPhases = (
				279C44612413964E00D226D7 /* Sources */,
				279C44622413964E00D226D7 /* Frameworks */,
				279C44632413964E00D226D7 /* Resources */,
			);
			buildRules = (
			);
			dependencies = (
			);
			name = "WebSocket测试";
			productName = "WebSocket测试";
			productReference = 279C44652413964E00D226D7 /* WebSocket测试.app */;
			productType = "com.apple.product-type.application";
		};
/* End PBXNativeTarget section */

/* Begin PBXProject section */
		279C445D2413964E00D226D7 /* Project object */ = {
			isa = PBXProject;
			attributes = {
				LastUpgradeCheck = 1130;
				ORGANIZATIONNAME = LiZhengGuo;
				TargetAttributes = {
					279C44642413964E00D226D7 = {
						CreatedOnToolsVersion = 11.3.1;
					};
				};
			};
			buildConfigurationList = 279C44602413964E00D226D7 /* Build configuration list for PBXProject "WebSocket测试" */;
			compatibilityVersion = "Xcode 9.3";
			developmentRegion = en;
			hasScannedForEncodings = 0;
			knownRegions = (
				en,
				Base,
			);
			mainGroup = 279C445C2413964E00D226D7;
			productRefGroup = 279C44662413964E00D226D7 /* Products */;
			projectDirPath = "";
			projectReferences = (
				{
					ProductGroup = 279C448E241396D500D226D7 /* Products */;
					ProjectRef = 279C448D241396D500D226D7 /* Jetfire.xcodeproj */;
				},
				{
					ProductGroup = 279C4485241396CB00D226D7 /* Products */;
					ProjectRef = 279C4484241396CB00D226D7 /* Jetfire.xcodeproj */;
				},
			);
			projectRoot = "";
			targets = (
				279C44642413964E00D226D7 /* WebSocket测试 */,
			);
		};
/* End PBXProject section */

/* Begin PBXReferenceProxy section */
		279C448A241396CB00D226D7 /* Jetfire.framework */ = {
			isa = PBXReferenceProxy;
			fileType = wrapper.framework;
			path = Jetfire.framework;
			remoteRef = 279C4489241396CB00D226D7 /* PBXContainerItemProxy */;
			sourceTree = BUILT_PRODUCTS_DIR;
		};
		279C448C241396CB00D226D7 /* Jetfire.framework */ = {
			isa = PBXReferenceProxy;
			fileType = wrapper.framework;
			path = Jetfire.framework;
			remoteRef = 279C448B241396CB00D226D7 /* PBXContainerItemProxy */;
			sourceTree = BUILT_PRODUCTS_DIR;
		};
		279C4493241396D500D226D7 /* Jetfire.framework */ = {
			isa = PBXReferenceProxy;
			fileType = wrapper.framework;
			path = Jetfire.framework;
			remoteRef = 279C4492241396D500D226D7 /* PBXContainerItemProxy */;
			sourceTree = BUILT_PRODUCTS_DIR;
		};
		279C4495241396D500D226D7 /* Jetfire.framework */ = {
			isa = PBXReferenceProxy;
			fileType = wrapper.framework;
			path = Jetfire.framework;
			remoteRef = 279C4494241396D500D226D7 /* PBXContainerItemProxy */;
			sourceTree = BUILT_PRODUCTS_DIR;
		};
/* End PBXReferenceProxy section */

/* Begin PBXResourcesBuildPhase section */
		279C44632413964E00D226D7 /* Resources */ = {
			isa = PBXResourcesBuildPhase;
			buildActionMask = 2147483647;
			files = (
				279C44782413965100D226D7 /* LaunchScreen.storyboard in Resources */,
				279C44752413965100D226D7 /* Assets.xcassets in Resources */,
				279C44732413964E00D226D7 /* Main.storyboard in Resources */,
			);
			runOnlyForDeploymentPostprocessing = 0;
		};
/* End PBXResourcesBuildPhase section */

/* Begin PBXSourcesBuildPhase section */
		279C44612413964E00D226D7 /* Sources */ = {
			isa = PBXSourcesBuildPhase;
			buildActionMask = 2147483647;
			files = (
				279C44A02413995100D226D7 /* JFRWebSocket.m in Sources */,
				279C44702413964E00D226D7 /* ViewController.m in Sources */,
				279C44A12413995100D226D7 /* JFRSecurity.m in Sources */,
				279C44A42413BCA100D226D7 /* Message.m in Sources */,
				279C446A2413964E00D226D7 /* AppDelegate.m in Sources */,
				279C447B2413965100D226D7 /* main.m in Sources */,
				279C446D2413964E00D226D7 /* SceneDelegate.m in Sources */,
			);
			runOnlyForDeploymentPostprocessing = 0;
		};
/* End PBXSourcesBuildPhase section */

/* Begin PBXVariantGroup section */
		279C44712413964E00D226D7 /* Main.storyboard */ = {
			isa = PBXVariantGroup;
			children = (
				279C44722413964E00D226D7 /* Base */,
			);
			name = Main.storyboard;
			sourceTree = "<group>";
		};
		279C44762413965100D226D7 /* LaunchScreen.storyboard */ = {
			isa = PBXVariantGroup;
			children = (
				279C44772413965100D226D7 /* Base */,
			);
			name = LaunchScreen.storyboard;
			sourceTree = "<group>";
		};
/* End PBXVariantGroup section */

/* Begin XCBuildConfiguration section */
		279C447C2413965100D226D7 /* Debug */ = {
			isa = XCBuildConfiguration;
			buildSettings = {
				ALWAYS_SEARCH_USER_PATHS = NO;
				CLANG_ANALYZER_NONNULL = YES;
				CLANG_ANALYZER_NUMBER_OBJECT_CONVERSION = YES_AGGRESSIVE;
				CLANG_CXX_LANGUAGE_STANDARD = "gnu++14";
				CLANG_CXX_LIBRARY = "libc++";
				CLANG_ENABLE_MODULES = YES;
				CLANG_ENABLE_OBJC_ARC = YES;
				CLANG_ENABLE_OBJC_WEAK = YES;
				CLANG_WARN_BLOCK_CAPTURE_AUTORELEASING = YES;
				CLANG_WARN_BOOL_CONVERSION = YES;
				CLANG_WARN_COMMA = YES;
				CLANG_WARN_CONSTANT_CONVERSION = YES;
				CLANG_WARN_DEPRECATED_OBJC_IMPLEMENTATIONS = YES;
				CLANG_WARN_DIRECT_OBJC_ISA_USAGE = YES_ERROR;
				CLANG_WARN_DOCUMENTATION_COMMENTS = YES;
				CLANG_WARN_EMPTY_BODY = YES;
				CLANG_WARN_ENUM_CONVERSION = YES;
				CLANG_WARN_INFINITE_RECURSION = YES;
				CLANG_WARN_INT_CONVERSION = YES;
				CLANG_WARN_NON_LITERAL_NULL_CONVERSION = YES;
				CLANG_WARN_OBJC_IMPLICIT_RETAIN_SELF = YES;
				CLANG_WARN_OBJC_LITERAL_CONVERSION = YES;
				CLANG_WARN_OBJC_ROOT_CLASS = YES_ERROR;
				CLANG_WARN_RANGE_LOOP_ANALYSIS = YES;
				CLANG_WARN_STRICT_PROTOTYPES = YES;
				CLANG_WARN_SUSPICIOUS_MOVE = YES;
				CLANG_WARN_UNGUARDED_AVAILABILITY = YES_AGGRESSIVE;
				CLANG_WARN_UNREACHABLE_CODE = YES;
				CLANG_WARN__DUPLICATE_METHOD_MATCH = YES;
				COPY_PHASE_STRIP = NO;
				DEBUG_INFORMATION_FORMAT = dwarf;
				ENABLE_STRICT_OBJC_MSGSEND = YES;
				ENABLE_TESTABILITY = YES;
				GCC_C_LANGUAGE_STANDARD = gnu11;
				GCC_DYNAMIC_NO_PIC = NO;
				GCC_NO_COMMON_BLOCKS = YES;
				GCC_OPTIMIZATION_LEVEL = 0;
				GCC_PREPROCESSOR_DEFINITIONS = (
					"DEBUG=1",
					"$(inherited)",
				);
				GCC_WARN_64_TO_32_BIT_CONVERSION = YES;
				GCC_WARN_ABOUT_RETURN_TYPE = YES_ERROR;
				GCC_WARN_UNDECLARED_SELECTOR = YES;
				GCC_WARN_UNINITIALIZED_AUTOS = YES_AGGRESSIVE;
				GCC_WARN_UNUSED_FUNCTION = YES;
				GCC_WARN_UNUSED_VARIABLE = YES;
				IPHONEOS_DEPLOYMENT_TARGET = 13.2;
				MTL_ENABLE_DEBUG_INFO = INCLUDE_SOURCE;
				MTL_FAST_MATH = YES;
				ONLY_ACTIVE_ARCH = YES;
				SDKROOT = iphoneos;
			};
			name = Debug;
		};
		279C447D2413965100D226D7 /* Release */ = {
			isa = XCBuildConfiguration;
			buildSettings = {
				ALWAYS_SEARCH_USER_PATHS = NO;
				CLANG_ANALYZER_NONNULL = YES;
				CLANG_ANALYZER_NUMBER_OBJECT_CONVERSION = YES_AGGRESSIVE;
				CLANG_CXX_LANGUAGE_STANDARD = "gnu++14";
				CLANG_CXX_LIBRARY = "libc++";
				CLANG_ENABLE_MODULES = YES;
				CLANG_ENABLE_OBJC_ARC = YES;
				CLANG_ENABLE_OBJC_WEAK = YES;
				CLANG_WARN_BLOCK_CAPTURE_AUTORELEASING = YES;
				CLANG_WARN_BOOL_CONVERSION = YES;
				CLANG_WARN_COMMA = YES;
				CLANG_WARN_CONSTANT_CONVERSION = YES;
				CLANG_WARN_DEPRECATED_OBJC_IMPLEMENTATIONS = YES;
				CLANG_WARN_DIRECT_OBJC_ISA_USAGE = YES_ERROR;
				CLANG_WARN_DOCUMENTATION_COMMENTS = YES;
				CLANG_WARN_EMPTY_BODY = YES;
				CLANG_WARN_ENUM_CONVERSION = YES;
				CLANG_WARN_INFINITE_RECURSION = YES;
				CLANG_WARN_INT_CONVERSION = YES;
				CLANG_WARN_NON_LITERAL_NULL_CONVERSION = YES;
				CLANG_WARN_OBJC_IMPLICIT_RETAIN_SELF = YES;
				CLANG_WARN_OBJC_LITERAL_CONVERSION = YES;
				CLANG_WARN_OBJC_ROOT_CLASS = YES_ERROR;
				CLANG_WARN_RANGE_LOOP_ANALYSIS = YES;
				CLANG_WARN_STRICT_PROTOTYPES = YES;
				CLANG_WARN_SUSPICIOUS_MOVE = YES;
				CLANG_WARN_UNGUARDED_AVAILABILITY = YES_AGGRESSIVE;
				CLANG_WARN_UNREACHABLE_CODE = YES;
				CLANG_WARN__DUPLICATE_METHOD_MATCH = YES;
				COPY_PHASE_STRIP = NO;
				DEBUG_INFORMATION_FORMAT = "dwarf-with-dsym";
				ENABLE_NS_ASSERTIONS = NO;
				ENABLE_STRICT_OBJC_MSGSEND = YES;
				GCC_C_LANGUAGE_STANDARD = gnu11;
				GCC_NO_COMMON_BLOCKS = YES;
				GCC_WARN_64_TO_32_BIT_CONVERSION = YES;
				GCC_WARN_ABOUT_RETURN_TYPE = YES_ERROR;
				GCC_WARN_UNDECLARED_SELECTOR = YES;
				GCC_WARN_UNINITIALIZED_AUTOS = YES_AGGRESSIVE;
				GCC_WARN_UNUSED_FUNCTION = YES;
				GCC_WARN_UNUSED_VARIABLE = YES;
				IPHONEOS_DEPLOYMENT_TARGET = 13.2;
				MTL_ENABLE_DEBUG_INFO = NO;
				MTL_FAST_MATH = YES;
				SDKROOT = iphoneos;
				VALIDATE_PRODUCT = YES;
			};
			name = Release;
		};
		279C447F2413965100D226D7 /* Debug */ = {
			isa = XCBuildConfiguration;
			buildSettings = {
				ASSETCATALOG_COMPILER_APPICON_NAME = AppIcon;
				CODE_SIGN_STYLE = Automatic;
				DEVELOPMENT_TEAM = 7RBZUVYPSP;
				INFOPLIST_FILE = "WebSocket测试/Info.plist";
				LD_RUNPATH_SEARCH_PATHS = (
					"$(inherited)",
					"@executable_path/Frameworks",
				);
				PRODUCT_BUNDLE_IDENTIFIER = "com.cpp.lzg.WebSocket--";
				PRODUCT_NAME = "$(TARGET_NAME)";
				TARGETED_DEVICE_FAMILY = "1,2";
			};
			name = Debug;
		};
		279C44802413965100D226D7 /* Release */ = {
			isa = XCBuildConfiguration;
			buildSettings = {
				ASSETCATALOG_COMPILER_APPICON_NAME = AppIcon;
				CODE_SIGN_STYLE = Automatic;
				DEVELOPMENT_TEAM = 7RBZUVYPSP;
				INFOPLIST_FILE = "WebSocket测试/Info.plist";
				LD_RUNPATH_SEARCH_PATHS = (
					"$(inherited)",
					"@executable_path/Frameworks",
				);
				PRODUCT_BUNDLE_IDENTIFIER = "com.cpp.lzg.WebSocket--";
				PRODUCT_NAME = "$(TARGET_NAME)";
				TARGETED_DEVICE_FAMILY = "1,2";
			};
			name = Release;
		};
/* End XCBuildConfiguration section */

/* Begin XCConfigurationList section */
		279C44602413964E00D226D7 /* Build configuration list for PBXProject "WebSocket测试" */ = {
			isa = XCConfigurationList;
			buildConfigurations = (
				279C447C2413965100D226D7 /* Debug */,
				279C447D2413965100D226D7 /* Release */,
			);
			defaultConfigurationIsVisible = 0;
			defaultConfigurationName = Release;
		};
		279C447E2413965100D226D7 /* Build configuration list for PBXNativeTarget "WebSocket测试" */ = {
			isa = XCConfigurationList;
			buildConfigurations = (
				279C447F2413965100D226D7 /* Debug */,
				279C44802413965100D226D7 /* Release */,
			);
			defaultConfigurationIsVisible = 0;
			defaultConfigurationName = Release;
		};
/* End XCConfigurationList section */
	};
	rootObject = 279C445D2413964E00D226D7 /* Project object */;
}
